# This file is automatically @generated by Cargo.
# It is not intended for manual editing.
version = 4

[[package]]
name = "bus"
version = "0.1.0"

[[package]]
name = "cpu6502"
version = "0.1.0"
dependencies = [
 "bus",
 "ram",
 "rom",
]

[[package]]
name = "ram"
version = "0.1.0"
dependencies = [
 "bus",
]

[[package]]
name = "rom"
version = "0.1.0"
dependencies = [
 "bus",
]
